{
    "_meta": {
        "hash": {
            "sha256": "219a1762fa9051d7232f3b2f43a8ea4d5a596496891a97fe91c881d374044c51"
        },
        "pipfile-spec": 6,
        "requires": {
            "python_version": "3.5"
        },
        "sources": [
            {
                "name": "pypi",
                "url": "https://pypi.org/simple",
                "verify_ssl": true
            }
        ]
    },
    "default": {
        "amqp": {
            "hashes": [
                "sha256:4e28d3ea61a64ae61830000c909662cb053642efddbe96503db0e7783a6ee85b",
                "sha256:cba1ace9d4ff6049b190d8b7991f9c1006b443a5238021aca96dd6ad2ac9da22"
            ],
            "version": "==2.2.2"
        },
        "babel": {
            "hashes": [
                "sha256:8ce4cb6fdd4393edd323227cba3a077bceb2a6ce5201c902c65e730046f41f14",
                "sha256:ad209a68d7162c4cff4b29cdebe3dec4cef75492df501b0049a9433c96ce6f80"
            ],
            "version": "==2.5.3"
        },
        "bencoder": {
            "hashes": [
                "sha256:ac436f33fdd7e75b2d9057491d2abeefb5631efb13c813403db0adb11ab52fc2"
            ],
            "index": "pypi",
            "version": "==0.2.0"
        },
        "billiard": {
            "hashes": [
                "sha256:1d7b22bdc47aa52841120fcd22a74ae4fc8c13e9d3935643098184f5788c3ce6",
                "sha256:abd9ce008c9a71ccde2c816f8daa36246e92a21e6a799831b887d88277187ecd"
            ],
            "version": "==3.5.0.3"
        },
        "celery": {
            "hashes": [
                "sha256:77ff3730198d6a17b3c1f05579ebe570b579efb35f6d7e13dba3b1368d068b35",
                "sha256:81a67f0d53a688ec2bc8557bd5d6d7218f925a6f2e6df80e01560de9e28997ec"
            ],
            "index": "pypi",
            "version": "==4.1.0"
        },
        "flower": {
            "hashes": [
                "sha256:a7a828c2dbea7e9cff1c86d63626f0eeb047b1b1e9a0ee5daad30771fb51e6d0"
            ],
            "index": "pypi",
            "version": "==0.9.2"
        },
        "kombu": {
            "hashes": [
                "sha256:01f0da9fe222a2183345004243d1518c0fbe5875955f1b24842f2d9c65709ade",
                "sha256:4249d9dd9dbf1fcec471d1c2def20653c9310dd1a217272d77e4844f9d5273cb"
            ],
            "version": "==4.1.0"
        },
        "pytz": {
            "hashes": [
                "sha256:65ae0c8101309c45772196b21b74c46b2e5d11b6275c45d251b150d5da334555",
                "sha256:c06425302f2cf668f1bba7a0a03f3c1d34d4ebeef2c72003da308b3947c7f749"
            ],
            "version": "==2018.4"
        },
        "redis": {
            "hashes": [
                "sha256:8a1900a9f2a0a44ecf6e8b5eb3e967a9909dfed219ad66df094f27f7d6f330fb",
                "sha256:a22ca993cea2962dbb588f9f30d0015ac4afcc45bee27d3978c0dbe9e97c6c0f"
            ],
            "index": "pypi",
            "version": "==2.10.6"
        },
        "tornado": {
            "hashes": [
                "sha256:1b83d5c10550f2653380b4c77331d6f8850f287c4f67d7ce1e1c639d9222fbc7",
                "sha256:408d129e9d13d3c55aa73f8084aa97d5f90ed84132e38d6932e63a67d5bec563",
                "sha256:88ce0282cce70df9045e515f578c78f1ebc35dcabe1d70f800c3583ebda7f5f5",
                "sha256:ba9fbb249ac5390bff8a1d6aa4b844fd400701069bda7d2e380dfe2217895101",
                "sha256:c050089173c2e9272244bccfb6a8615fb9e53b79420a5551acfa76094ecc3111"
            ],
            "version": "==5.0.2"
        },
        "vine": {
            "hashes": [
                "sha256:52116d59bc45392af9fdd3b75ed98ae48a93e822cee21e5fda249105c59a7a72",
                "sha256:6849544be74ec3638e84d90bc1cf2e1e9224cc10d96cd4383ec3f69e9bce077b"
            ],
            "version": "==1.1.4"
        }
    },
    "develop": {}
}
